// !$*UTF8*$!
{
	archiveVersion = 1;
	classes = {
	};
	objectVersion = 77;
	objects = {

/* Begin PBXBuildFile section */
		4C20BD512E137FE400D509A8 /* FirebaseAuth in Frameworks */ = {isa = PBXBuildFile; productRef = 4C20BD502E137FE400D509A8 /* FirebaseAuth */; };
		4C20BD532E137FE400D509A8 /* FirebaseCore in Frameworks */ = {isa = PBXBuildFile; productRef = 4C20BD522E137FE400D509A8 /* FirebaseCore */; };
		4C20BD552E137FE400D509A8 /* FirebaseFirestore in Frameworks */ = {isa = PBXBuildFile; productRef = 4C20BD542E137FE400D509A8 /* FirebaseFirestore */; };
		4C20BD572E137FE400D509A8 /* FirebaseFunctions in Frameworks */ = {isa = PBXBuildFile; productRef = 4C20BD562E137FE400D509A8 /* FirebaseFunctions */; };
		4C20BD592E137FE400D509A8 /* FirebaseStorage in Frameworks */ = {isa = PBXBuildFile; productRef = 4C20BD582E137FE400D509A8 /* FirebaseStorage */; };
		4C20BD5B2E137FE400D509A8 /* FirebaseVertexAI in Frameworks */ = {isa = PBXBuildFile; productRef = 4C20BD5A2E137FE400D509A8 /* FirebaseVertexAI */; };
		4C20BD5E2E13803300D509A8 /* GoogleSignIn in Frameworks */ = {isa = PBXBuildFile; productRef = 4C20BD5D2E13803300D509A8 /* GoogleSignIn */; };
		4C20BD602E13803300D509A8 /* GoogleSignInSwift in Frameworks */ = {isa = PBXBuildFile; productRef = 4C20BD5F2E13803300D509A8 /* GoogleSignInSwift */; };
		4C20BD622E13805F00D509A8 /* FirebaseAnalytics in Frameworks */ = {isa = PBXBuildFile; productRef = 4C20BD612E13805F00D509A8 /* FirebaseAnalytics */; };
		4C20BD642E13805F00D509A8 /* FirebaseCrashlytics in Frameworks */ = {isa = PBXBuildFile; productRef = 4C20BD632E13805F00D509A8 /* FirebaseCrashlytics */; };
		4C20BD662E13805F00D509A8 /* FirebasePerformance in Frameworks */ = {isa = PBXBuildFile; productRef = 4C20BD652E13805F00D509A8 /* FirebasePerformance */; };
		4C20BD682E13807700D509A8 /* FirebaseMessaging in Frameworks */ = {isa = PBXBuildFile; productRef = 4C20BD672E13807700D509A8 /* FirebaseMessaging */; };
		4C20BD6A2E13807700D509A8 /* FirebaseRemoteConfig in Frameworks */ = {isa = PBXBuildFile; productRef = 4C20BD692E13807700D509A8 /* FirebaseRemoteConfig */; };
		4C20BD6C2E14081F00D509A8 /* GoogleService-Info.plist in Resources */ = {isa = PBXBuildFile; fileRef = 4C20BD6B2E14081F00D509A8 /* GoogleService-Info.plist */; };
/* End PBXBuildFile section */

/* Begin PBXContainerItemProxy section */
		4C20BC4B2E13016700D509A8 /* PBXContainerItemProxy */ = {
			isa = PBXContainerItemProxy;
			containerPortal = 4C20BC352E13016600D509A8 /* Project object */;
			proxyType = 1;
			remoteGlobalIDString = 4C20BC3C2E13016600D509A8;
			remoteInfo = PlateUp;
		};
		4C20BC552E13016700D509A8 /* PBXContainerItemProxy */ = {
			isa = PBXContainerItemProxy;
			containerPortal = 4C20BC352E13016600D509A8 /* Project object */;
			proxyType = 1;
			remoteGlobalIDString = 4C20BC3C2E13016600D509A8;
			remoteInfo = PlateUp;
		};
/* End PBXContainerItemProxy section */

/* Begin PBXFileReference section */
		4C20BC3D2E13016600D509A8 /* PlateUp.app */ = {isa = PBXFileReference; explicitFileType = wrapper.application; includeInIndex = 0; path = PlateUp.app; sourceTree = BUILT_PRODUCTS_DIR; };
		4C20BC4A2E13016700D509A8 /* PlateUpTests.xctest */ = {isa = PBXFileReference; explicitFileType = wrapper.cfbundle; includeInIndex = 0; path = PlateUpTests.xctest; sourceTree = BUILT_PRODUCTS_DIR; };
		4C20BC542E13016700D509A8 /* PlateUpUITests.xctest */ = {isa = PBXFileReference; explicitFileType = wrapper.cfbundle; includeInIndex = 0; path = PlateUpUITests.xctest; sourceTree = BUILT_PRODUCTS_DIR; };
		4C20BD6B2E14081F00D509A8 /* GoogleService-Info.plist */ = {isa = PBXFileReference; lastKnownFileType = text.plist.xml; path = "GoogleService-Info.plist"; sourceTree = "<group>"; };
/* End PBXFileReference section */

/* Begin PBXFileSystemSynchronizedRootGroup section */
		4C20BC3F2E13016600D509A8 /* PlateUp */ = {
			isa = PBXFileSystemSynchronizedRootGroup;
			path = PlateUp;
			sourceTree = "<group>";
		};
		4C20BC4D2E13016700D509A8 /* PlateUpTests */ = {
			isa = PBXFileSystemSynchronizedRootGroup;
			path = PlateUpTests;
			sourceTree = "<group>";
		};
		4C20BC572E13016700D509A8 /* PlateUpUITests */ = {
			isa = PBXFileSystemSynchronizedRootGroup;
			path = PlateUpUITests;
			sourceTree = "<group>";
		};
/* End PBXFileSystemSynchronizedRootGroup section */

/* Begin PBXFrameworksBuildPhase section */
		4C20BC3A2E13016600D509A8 /* Frameworks */ = {
			isa = PBXFrameworksBuildPhase;
			buildActionMask = 2147483647;
			files = (
				4C20BD682E13807700D509A8 /* FirebaseMessaging in Frameworks */,
				4C20BD662E13805F00D509A8 /* FirebasePerformance in Frameworks */,
				4C20BD532E137FE400D509A8 /* FirebaseCore in Frameworks */,
				4C20BD5B2E137FE400D509A8 /* FirebaseVertexAI in Frameworks */,
				4C20BD512E137FE400D509A8 /* FirebaseAuth in Frameworks */,
				4C20BD602E13803300D509A8 /* GoogleSignInSwift in Frameworks */,
				4C20BD552E137FE400D509A8 /* FirebaseFirestore in Frameworks */,
				4C20BD592E137FE400D509A8 /* FirebaseStorage in Frameworks */,
				4C20BD572E137FE400D509A8 /* FirebaseFunctions in Frameworks */,
				4C20BD642E13805F00D509A8 /* FirebaseCrashlytics in Frameworks */,
				4C20BD6A2E13807700D509A8 /* FirebaseRemoteConfig in Frameworks */,
				4C20BD5E2E13803300D509A8 /* GoogleSignIn in Frameworks */,
				4C20BD622E13805F00D509A8 /* FirebaseAnalytics in Frameworks */,
			);
			runOnlyForDeploymentPostprocessing = 0;
		};
		4C20BC472E13016700D509A8 /* Frameworks */ = {
			isa = PBXFrameworksBuildPhase;
			buildActionMask = 2147483647;
			files = (
			);
			runOnlyForDeploymentPostprocessing = 0;
		};
		4C20BC512E13016700D509A8 /* Frameworks */ = {
			isa = PBXFrameworksBuildPhase;
			buildActionMask = 2147483647;
			files = (
			);
			runOnlyForDeploymentPostprocessing = 0;
		};
/* End PBXFrameworksBuildPhase section */

/* Begin PBXGroup section */
		4C20BC342E13016600D509A8 = {
			isa = PBXGroup;
			children = (
				4C20BD6B2E14081F00D509A8 /* GoogleService-Info.plist */,
				4C20BC3F2E13016600D509A8 /* PlateUp */,
				4C20BC4D2E13016700D509A8 /* PlateUpTests */,
				4C20BC572E13016700D509A8 /* PlateUpUITests */,
				4C20BC3E2E13016600D509A8 /* Products */,
			);
			sourceTree = "<group>";
		};
		4C20BC3E2E13016600D509A8 /* Products */ = {
			isa = PBXGroup;
			children = (
				4C20BC3D2E13016600D509A8 /* PlateUp.app */,
				4C20BC4A2E13016700D509A8 /* PlateUpTests.xctest */,
				4C20BC542E13016700D509A8 /* PlateUpUITests.xctest */,
			);
			name = Products;
			sourceTree = "<group>";
		};
/* End PBXGroup section */

/* Begin PBXNativeTarget section */
		4C20BC3C2E13016600D509A8 /* PlateUp */ = {
			isa = PBXNativeTarget;
			buildConfigurationList = 4C20BC5E2E13016700D509A8 /* Build configuration list for PBXNativeTarget "PlateUp" */;
			buildPhases = (
				4C20BC392E13016600D509A8 /* Sources */,
				4C20BC3A2E13016600D509A8 /* Frameworks */,
				4C20BC3B2E13016600D509A8 /* Resources */,
			);
			buildRules = (
			);
			dependencies = (
			);
			fileSystemSynchronizedGroups = (
				4C20BC3F2E13016600D509A8 /* PlateUp */,
			);
			name = PlateUp;
			packageProductDependencies = (
				4C20BD502E137FE400D509A8 /* FirebaseAuth */,
				4C20BD522E137FE400D509A8 /* FirebaseCore */,
				4C20BD542E137FE400D509A8 /* FirebaseFirestore */,
				4C20BD562E137FE400D509A8 /* FirebaseFunctions */,
				4C20BD582E137FE400D509A8 /* FirebaseStorage */,
				4C20BD5A2E137FE400D509A8 /* FirebaseVertexAI */,
				4C20BD5D2E13803300D509A8 /* GoogleSignIn */,
				4C20BD5F2E13803300D509A8 /* GoogleSignInSwift */,
				4C20BD612E13805F00D509A8 /* FirebaseAnalytics */,
				4C20BD632E13805F00D509A8 /* FirebaseCrashlytics */,
				4C20BD652E13805F00D509A8 /* FirebasePerformance */,
				4C20BD672E13807700D509A8 /* FirebaseMessaging */,
				4C20BD692E13807700D509A8 /* FirebaseRemoteConfig */,
			);
			productName = PlateUp;
			productReference = 4C20BC3D2E13016600D509A8 /* PlateUp.app */;
			productType = "com.apple.product-type.application";
		};
		4C20BC492E13016700D509A8 /* PlateUpTests */ = {
			isa = PBXNativeTarget;
			buildConfigurationList = 4C20BC612E13016700D509A8 /* Build configuration list for PBXNativeTarget "PlateUpTests" */;
			buildPhases = (
				4C20BC462E13016700D509A8 /* Sources */,
				4C20BC472E13016700D509A8 /* Frameworks */,
				4C20BC482E13016700D509A8 /* Resources */,
			);
			buildRules = (
			);
			dependencies = (
				4C20BC4C2E13016700D509A8 /* PBXTargetDependency */,
			);
			fileSystemSynchronizedGroups = (
				4C20BC4D2E13016700D509A8 /* PlateUpTests */,
			);
			name = PlateUpTests;
			packageProductDependencies = (
			);
			productName = PlateUpTests;
			productReference = 4C20BC4A2E13016700D509A8 /* PlateUpTests.xctest */;
			productType = "com.apple.product-type.bundle.unit-test";
		};
		4C20BC532E13016700D509A8 /* PlateUpUITests */ = {
			isa = PBXNativeTarget;
			buildConfigurationList = 4C20BC642E13016700D509A8 /* Build configuration list for PBXNativeTarget "PlateUpUITests" */;
			buildPhases = (
				4C20BC502E13016700D509A8 /* Sources */,
				4C20BC512E13016700D509A8 /* Frameworks */,
				4C20BC522E13016700D509A8 /* Resources */,
			);
			buildRules = (
			);
			dependencies = (
				4C20BC562E13016700D509A8 /* PBXTargetDependency */,
			);
			fileSystemSynchronizedGroups = (
				4C20BC572E13016700D509A8 /* PlateUpUITests */,
			);
			name = PlateUpUITests;
			packageProductDependencies = (
			);
			productName = PlateUpUITests;
			productReference = 4C20BC542E13016700D509A8 /* PlateUpUITests.xctest */;
			productType = "com.apple.product-type.bundle.ui-testing";
		};
/* End PBXNativeTarget section */

/* Begin PBXProject section */
		4C20BC352E13016600D509A8 /* Project object */ = {
			isa = PBXProject;
			attributes = {
				BuildIndependentTargetsInParallel = 1;
				LastSwiftUpdateCheck = 1640;
				LastUpgradeCheck = 1640;
				TargetAttributes = {
					4C20BC3C2E13016600D509A8 = {
						CreatedOnToolsVersion = 16.4;
					};
					4C20BC492E13016700D509A8 = {
						CreatedOnToolsVersion = 16.4;
						TestTargetID = 4C20BC3C2E13016600D509A8;
					};
					4C20BC532E13016700D509A8 = {
						CreatedOnToolsVersion = 16.4;
						TestTargetID = 4C20BC3C2E13016600D509A8;
					};
				};
			};
			buildConfigurationList = 4C20BC382E13016600D509A8 /* Build configuration list for PBXProject "PlateUp" */;
			developmentRegion = en;
			hasScannedForEncodings = 0;
			knownRegions = (
				en,
				Base,
			);
			mainGroup = 4C20BC342E13016600D509A8;
			minimizedProjectReferenceProxies = 1;
			packageReferences = (
				4C20BD4F2E137FE400D509A8 /* XCRemoteSwiftPackageReference "firebase-ios-sdk" */,
				4C20BD5C2E13803300D509A8 /* XCRemoteSwiftPackageReference "GoogleSignIn-iOS" */,
			);
			preferredProjectObjectVersion = 77;
			productRefGroup = 4C20BC3E2E13016600D509A8 /* Products */;
			projectDirPath = "";
			projectRoot = "";
			targets = (
				4C20BC3C2E13016600D509A8 /* PlateUp */,
				4C20BC492E13016700D509A8 /* PlateUpTests */,
				4C20BC532E13016700D509A8 /* PlateUpUITests */,
			);
		};
/* End PBXProject section */

/* Begin PBXResourcesBuildPhase section */
		4C20BC3B2E13016600D509A8 /* Resources */ = {
			isa = PBXResourcesBuildPhase;
			buildActionMask = 2147483647;
			files = (
				4C20BD6C2E14081F00D509A8 /* GoogleService-Info.plist in Resources */,
			);
			runOnlyForDeploymentPostprocessing = 0;
		};
		4C20BC482E13016700D509A8 /* Resources */ = {
			isa = PBXResourcesBuildPhase;
			buildActionMask = 2147483647;
			files = (
			);
			runOnlyForDeploymentPostprocessing = 0;
		};
		4C20BC522E13016700D509A8 /* Resources */ = {
			isa = PBXResourcesBuildPhase;
			buildActionMask = 2147483647;
			files = (
			);
			runOnlyForDeploymentPostprocessing = 0;
		};
/* End PBXResourcesBuildPhase section */

/* Begin PBXSourcesBuildPhase section */
		4C20BC392E13016600D509A8 /* Sources */ = {
			isa = PBXSourcesBuildPhase;
			buildActionMask = 2147483647;
			files = (
			);
			runOnlyForDeploymentPostprocessing = 0;
		};
		4C20BC462E13016700D509A8 /* Sources */ = {
			isa = PBXSourcesBuildPhase;
			buildActionMask = 2147483647;
			files = (
			);
			runOnlyForDeploymentPostprocessing = 0;
		};
		4C20BC502E13016700D509A8 /* Sources */ = {
			isa = PBXSourcesBuildPhase;
			buildActionMask = 2147483647;
			files = (
			);
			runOnlyForDeploymentPostprocessing = 0;
		};
/* End PBXSourcesBuildPhase section */

/* Begin PBXTargetDependency section */
		4C20BC4C2E13016700D509A8 /* PBXTargetDependency */ = {
			isa = PBXTargetDependency;
			target = 4C20BC3C2E13016600D509A8 /* PlateUp */;
			targetProxy = 4C20BC4B2E13016700D509A8 /* PBXContainerItemProxy */;
		};
		4C20BC562E13016700D509A8 /* PBXTargetDependency */ = {
			isa = PBXTargetDependency;
			target = 4C20BC3C2E13016600D509A8 /* PlateUp */;
			targetProxy = 4C20BC552E13016700D509A8 /* PBXContainerItemProxy */;
		};
/* End PBXTargetDependency section */

/* Begin XCBuildConfiguration section */
		4C20BC5C2E13016700D509A8 /* Debug */ = {
			isa = XCBuildConfiguration;
			buildSettings = {
				ALWAYS_SEARCH_USER_PATHS = NO;
				ASSETCATALOG_COMPILER_GENERATE_SWIFT_ASSET_SYMBOL_EXTENSIONS = YES;
				CLANG_ANALYZER_NONNULL = YES;
				CLANG_ANALYZER_NUMBER_OBJECT_CONVERSION = YES_AGGRESSIVE;
				CLANG_CXX_LANGUAGE_STANDARD = "gnu++20";
				CLANG_ENABLE_MODULES = YES;
				CLANG_ENABLE_OBJC_ARC = YES;
				CLANG_ENABLE_OBJC_WEAK = YES;
				CLANG_WARN_BLOCK_CAPTURE_AUTORELEASING = YES;
				CLANG_WARN_BOOL_CONVERSION = YES;
				CLANG_WARN_COMMA = YES;
				CLANG_WARN_CONSTANT_CONVERSION = YES;
				CLANG_WARN_DEPRECATED_OBJC_IMPLEMENTATIONS = YES;
				CLANG_WARN_DIRECT_OBJC_ISA_USAGE = YES_ERROR;
				CLANG_WARN_DOCUMENTATION_COMMENTS = YES;
				CLANG_WARN_EMPTY_BODY = YES;
				CLANG_WARN_ENUM_CONVERSION = YES;
				CLANG_WARN_INFINITE_RECURSION = YES;
				CLANG_WARN_INT_CONVERSION = YES;
				CLANG_WARN_NON_LITERAL_NULL_CONVERSION = YES;
				CLANG_WARN_OBJC_IMPLICIT_RETAIN_SELF = YES;
				CLANG_WARN_OBJC_LITERAL_CONVERSION = YES;
				CLANG_WARN_OBJC_ROOT_CLASS = YES_ERROR;
				CLANG_WARN_QUOTED_INCLUDE_IN_FRAMEWORK_HEADER = YES;
				CLANG_WARN_RANGE_LOOP_ANALYSIS = YES;
				CLANG_WARN_STRICT_PROTOTYPES = YES;
				CLANG_WARN_SUSPICIOUS_MOVE = YES;
				CLANG_WARN_UNGUARDED_AVAILABILITY = YES_AGGRESSIVE;
				CLANG_WARN_UNREACHABLE_CODE = YES;
				CLANG_WARN__DUPLICATE_METHOD_MATCH = YES;
				COPY_PHASE_STRIP = NO;
				DEBUG_INFORMATION_FORMAT = dwarf;
				ENABLE_STRICT_OBJC_MSGSEND = YES;
				ENABLE_TESTABILITY = YES;
				ENABLE_USER_SCRIPT_SANDBOXING = YES;
				GCC_C_LANGUAGE_STANDARD = gnu17;
				GCC_DYNAMIC_NO_PIC = NO;
				GCC_NO_COMMON_BLOCKS = YES;
				GCC_OPTIMIZATION_LEVEL = 0;
				GCC_PREPROCESSOR_DEFINITIONS = (
					"DEBUG=1",
					"$(inherited)",
				);
				GCC_WARN_64_TO_32_BIT_CONVERSION = YES;
				GCC_WARN_ABOUT_RETURN_TYPE = YES_ERROR;
				GCC_WARN_UNDECLARED_SELECTOR = YES;
				GCC_WARN_UNINITIALIZED_AUTOS = YES_AGGRESSIVE;
				GCC_WARN_UNUSED_FUNCTION = YES;
				GCC_WARN_UNUSED_VARIABLE = YES;
				IPHONEOS_DEPLOYMENT_TARGET = 18.5;
				LOCALIZATION_PREFERS_STRING_CATALOGS = YES;
				MTL_ENABLE_DEBUG_INFO = INCLUDE_SOURCE;
				MTL_FAST_MATH = YES;
				ONLY_ACTIVE_ARCH = YES;
				SDKROOT = iphoneos;
				SWIFT_ACTIVE_COMPILATION_CONDITIONS = "DEBUG $(inherited)";
				SWIFT_OPTIMIZATION_LEVEL = "-Onone";
			};
			name = Debug;
		};
		4C20BC5D2E13016700D509A8 /* Release */ = {
			isa = XCBuildConfiguration;
			buildSettings = {
				ALWAYS_SEARCH_USER_PATHS = NO;
				ASSETCATALOG_COMPILER_GENERATE_SWIFT_ASSET_SYMBOL_EXTENSIONS = YES;
				CLANG_ANALYZER_NONNULL = YES;
				CLANG_ANALYZER_NUMBER_OBJECT_CONVERSION = YES_AGGRESSIVE;
				CLANG_CXX_LANGUAGE_STANDARD = "gnu++20";
				CLANG_ENABLE_MODULES = YES;
				CLANG_ENABLE_OBJC_ARC = YES;
				CLANG_ENABLE_OBJC_WEAK = YES;
				CLANG_WARN_BLOCK_CAPTURE_AUTORELEASING = YES;
				CLANG_WARN_BOOL_CONVERSION = YES;
				CLANG_WARN_COMMA = YES;
				CLANG_WARN_CONSTANT_CONVERSION = YES;
				CLANG_WARN_DEPRECATED_OBJC_IMPLEMENTATIONS = YES;
				CLANG_WARN_DIRECT_OBJC_ISA_USAGE = YES_ERROR;
				CLANG_WARN_DOCUMENTATION_COMMENTS = YES;
				CLANG_WARN_EMPTY_BODY = YES;
				CLANG_WARN_ENUM_CONVERSION = YES;
				CLANG_WARN_INFINITE_RECURSION = YES;
				CLANG_WARN_INT_CONVERSION = YES;
				CLANG_WARN_NON_LITERAL_NULL_CONVERSION = YES;
				CLANG_WARN_OBJC_IMPLICIT_RETAIN_SELF = YES;
				CLANG_WARN_OBJC_LITERAL_CONVERSION = YES;
				CLANG_WARN_OBJC_ROOT_CLASS = YES_ERROR;
				CLANG_WARN_QUOTED_INCLUDE_IN_FRAMEWORK_HEADER = YES;
				CLANG_WARN_RANGE_LOOP_ANALYSIS = YES;
				CLANG_WARN_STRICT_PROTOTYPES = YES;
				CLANG_WARN_SUSPICIOUS_MOVE = YES;
				CLANG_WARN_UNGUARDED_AVAILABILITY = YES_AGGRESSIVE;
				CLANG_WARN_UNREACHABLE_CODE = YES;
				CLANG_WARN__DUPLICATE_METHOD_MATCH = YES;
				COPY_PHASE_STRIP = NO;
				DEBUG_INFORMATION_FORMAT = "dwarf-with-dsym";
				ENABLE_NS_ASSERTIONS = NO;
				ENABLE_STRICT_OBJC_MSGSEND = YES;
				ENABLE_USER_SCRIPT_SANDBOXING = YES;
				GCC_C_LANGUAGE_STANDARD = gnu17;
				GCC_NO_COMMON_BLOCKS = YES;
				GCC_WARN_64_TO_32_BIT_CONVERSION = YES;
				GCC_WARN_ABOUT_RETURN_TYPE = YES_ERROR;
				GCC_WARN_UNDECLARED_SELECTOR = YES;
				GCC_WARN_UNINITIALIZED_AUTOS = YES_AGGRESSIVE;
				GCC_WARN_UNUSED_FUNCTION = YES;
				GCC_WARN_UNUSED_VARIABLE = YES;
				IPHONEOS_DEPLOYMENT_TARGET = 18.5;
				LOCALIZATION_PREFERS_STRING_CATALOGS = YES;
				MTL_ENABLE_DEBUG_INFO = NO;
				MTL_FAST_MATH = YES;
				SDKROOT = iphoneos;
				SWIFT_COMPILATION_MODE = wholemodule;
				VALIDATE_PRODUCT = YES;
			};
			name = Release;
		};
		4C20BC5F2E13016700D509A8 /* Debug */ = {
			isa = XCBuildConfiguration;
			buildSettings = {
				ASSETCATALOG_COMPILER_APPICON_NAME = AppIcon;
				ASSETCATALOG_COMPILER_GLOBAL_ACCENT_COLOR_NAME = AccentColor;
				CODE_SIGN_STYLE = Automatic;
				CURRENT_PROJECT_VERSION = 1;
				DEVELOPMENT_TEAM = 5T7D257WY6;
				ENABLE_PREVIEWS = YES;
				GENERATE_INFOPLIST_FILE = YES;
				INFOPLIST_KEY_UIApplicationSceneManifest_Generation = YES;
				INFOPLIST_KEY_UIApplicationSupportsIndirectInputEvents = YES;
				INFOPLIST_KEY_UILaunchScreen_Generation = YES;
				INFOPLIST_KEY_UISupportedInterfaceOrientations_iPad = "UIInterfaceOrientationPortrait UIInterfaceOrientationPortraitUpsideDown UIInterfaceOrientationLandscapeLeft UIInterfaceOrientationLandscapeRight";
				INFOPLIST_KEY_UISupportedInterfaceOrientations_iPhone = "UIInterfaceOrientationPortrait UIInterfaceOrientationLandscapeLeft UIInterfaceOrientationLandscapeRight";
				LD_RUNPATH_SEARCH_PATHS = (
					"$(inherited)",
					"@executable_path/Frameworks",
				);
				MARKETING_VERSION = 1.0;
				PRODUCT_BUNDLE_IDENTIFIER = brevajo.PlateUp;
				PRODUCT_NAME = "$(TARGET_NAME)";
				SWIFT_EMIT_LOC_STRINGS = YES;
				SWIFT_VERSION = 5.0;
				TARGETED_DEVICE_FAMILY = "1,2";
			};
			name = Debug;
		};
		4C20BC602E13016700D509A8 /* Release */ = {
			isa = XCBuildConfiguration;
			buildSettings = {
				ASSETCATALOG_COMPILER_APPICON_NAME = AppIcon;
				ASSETCATALOG_COMPILER_GLOBAL_ACCENT_COLOR_NAME = AccentColor;
				CODE_SIGN_STYLE = Automatic;
				CURRENT_PROJECT_VERSION = 1;
				DEVELOPMENT_TEAM = 5T7D257WY6;
				ENABLE_PREVIEWS = YES;
				GENERATE_INFOPLIST_FILE = YES;
				INFOPLIST_KEY_UIApplicationSceneManifest_Generation = YES;
				INFOPLIST_KEY_UIApplicationSupportsIndirectInputEvents = YES;
				INFOPLIST_KEY_UILaunchScreen_Generation = YES;
				INFOPLIST_KEY_UISupportedInterfaceOrientations_iPad = "UIInterfaceOrientationPortrait UIInterfaceOrientationPortraitUpsideDown UIInterfaceOrientationLandscapeLeft UIInterfaceOrientationLandscapeRight";
				INFOPLIST_KEY_UISupportedInterfaceOrientations_iPhone = "UIInterfaceOrientationPortrait UIInterfaceOrientationLandscapeLeft UIInterfaceOrientationLandscapeRight";
				LD_RUNPATH_SEARCH_PATHS = (
					"$(inherited)",
					"@executable_path/Frameworks",
				);
				MARKETING_VERSION = 1.0;
				PRODUCT_BUNDLE_IDENTIFIER = brevajo.PlateUp;
				PRODUCT_NAME = "$(TARGET_NAME)";
				SWIFT_EMIT_LOC_STRINGS = YES;
				SWIFT_VERSION = 5.0;
				TARGETED_DEVICE_FAMILY = "1,2";
			};
			name = Release;
		};
		4C20BC622E13016700D509A8 /* Debug */ = {
			isa = XCBuildConfiguration;
			buildSettings = {
				BUNDLE_LOADER = "$(TEST_HOST)";
				CODE_SIGN_STYLE = Automatic;
				CURRENT_PROJECT_VERSION = 1;
				GENERATE_INFOPLIST_FILE = YES;
				IPHONEOS_DEPLOYMENT_TARGET = 18.5;
				MARKETING_VERSION = 1.0;
				PRODUCT_BUNDLE_IDENTIFIER = BiteAI.PlateUpTests;
				PRODUCT_NAME = "$(TARGET_NAME)";
				SWIFT_EMIT_LOC_STRINGS = NO;
				SWIFT_VERSION = 5.0;
				TARGETED_DEVICE_FAMILY = "1,2";
				TEST_HOST = "$(BUILT_PRODUCTS_DIR)/PlateUp.app/$(BUNDLE_EXECUTABLE_FOLDER_PATH)/PlateUp";
			};
			name = Debug;
		};
		4C20BC632E13016700D509A8 /* Release */ = {
			isa = XCBuildConfiguration;
			buildSettings = {
				BUNDLE_LOADER = "$(TEST_HOST)";
				CODE_SIGN_STYLE = Automatic;
				CURRENT_PROJECT_VERSION = 1;
				GENERATE_INFOPLIST_FILE = YES;
				IPHONEOS_DEPLOYMENT_TARGET = 18.5;
				MARKETING_VERSION = 1.0;
				PRODUCT_BUNDLE_IDENTIFIER = BiteAI.PlateUpTests;
				PRODUCT_NAME = "$(TARGET_NAME)";
				SWIFT_EMIT_LOC_STRINGS = NO;
				SWIFT_VERSION = 5.0;
				TARGETED_DEVICE_FAMILY = "1,2";
				TEST_HOST = "$(BUILT_PRODUCTS_DIR)/PlateUp.app/$(BUNDLE_EXECUTABLE_FOLDER_PATH)/PlateUp";
			};
			name = Release;
		};
		4C20BC652E13016700D509A8 /* Debug */ = {
			isa = XCBuildConfiguration;
			buildSettings = {
				CODE_SIGN_STYLE = Automatic;
				CURRENT_PROJECT_VERSION = 1;
				GENERATE_INFOPLIST_FILE = YES;
				MARKETING_VERSION = 1.0;
				PRODUCT_BUNDLE_IDENTIFIER = BiteAI.PlateUpUITests;
				PRODUCT_NAME = "$(TARGET_NAME)";
				SWIFT_EMIT_LOC_STRINGS = NO;
				SWIFT_VERSION = 5.0;
				TARGETED_DEVICE_FAMILY = "1,2";
				TEST_TARGET_NAME = PlateUp;
			};
			name = Debug;
		};
		4C20BC662E13016700D509A8 /* Release */ = {
			isa = XCBuildConfiguration;
			buildSettings = {
				CODE_SIGN_STYLE = Automatic;
				CURRENT_PROJECT_VERSION = 1;
				GENERATE_INFOPLIST_FILE = YES;
				MARKETING_VERSION = 1.0;
				PRODUCT_BUNDLE_IDENTIFIER = BiteAI.PlateUpUITests;
				PRODUCT_NAME = "$(TARGET_NAME)";
				SWIFT_EMIT_LOC_STRINGS = NO;
				SWIFT_VERSION = 5.0;
				TARGETED_DEVICE_FAMILY = "1,2";
				TEST_TARGET_NAME = PlateUp;
			};
			name = Release;
		};
/* End XCBuildConfiguration section */

/* Begin XCConfigurationList section */
		4C20BC382E13016600D509A8 /* Build configuration list for PBXProject "PlateUp" */ = {
			isa = XCConfigurationList;
			buildConfigurations = (
				4C20BC5C2E13016700D509A8 /* Debug */,
				4C20BC5D2E13016700D509A8 /* Release */,
			);
			defaultConfigurationIsVisible = 0;
			defaultConfigurationName = Release;
		};
		4C20BC5E2E13016700D509A8 /* Build configuration list for PBXNativeTarget "PlateUp" */ = {
			isa = XCConfigurationList;
			buildConfigurations = (
				4C20BC5F2E13016700D509A8 /* Debug */,
				4C20BC602E13016700D509A8 /* Release */,
			);
			defaultConfigurationIsVisible = 0;
			defaultConfigurationName = Release;
		};
		4C20BC612E13016700D509A8 /* Build configuration list for PBXNativeTarget "PlateUpTests" */ = {
			isa = XCConfigurationList;
			buildConfigurations = (
				4C20BC622E13016700D509A8 /* Debug */,
				4C20BC632E13016700D509A8 /* Release */,
			);
			defaultConfigurationIsVisible = 0;
			defaultConfigurationName = Release;
		};
		4C20BC642E13016700D509A8 /* Build configuration list for PBXNativeTarget "PlateUpUITests" */ = {
			isa = XCConfigurationList;
			buildConfigurations = (
				4C20BC652E13016700D509A8 /* Debug */,
				4C20BC662E13016700D509A8 /* Release */,
			);
			defaultConfigurationIsVisible = 0;
			defaultConfigurationName = Release;
		};
/* End XCConfigurationList section */

/* Begin XCRemoteSwiftPackageReference section */
		4C20BD4F2E137FE400D509A8 /* XCRemoteSwiftPackageReference "firebase-ios-sdk" */ = {
			isa = XCRemoteSwiftPackageReference;
			repositoryURL = "https://github.com/firebase/firebase-ios-sdk.git";
			requirement = {
				kind = upToNextMajorVersion;
				minimumVersion = 11.15.0;
			};
		};
		4C20BD5C2E13803300D509A8 /* XCRemoteSwiftPackageReference "GoogleSignIn-iOS" */ = {
			isa = XCRemoteSwiftPackageReference;
			repositoryURL = "https://github.com/google/GoogleSignIn-iOS.git";
			requirement = {
				kind = upToNextMajorVersion;
				minimumVersion = 8.0.0;
			};
		};
/* End XCRemoteSwiftPackageReference section */

/* Begin XCSwiftPackageProductDependency section */
		4C20BD502E137FE400D509A8 /* FirebaseAuth */ = {
			isa = XCSwiftPackageProductDependency;
			package = 4C20BD4F2E137FE400D509A8 /* XCRemoteSwiftPackageReference "firebase-ios-sdk" */;
			productName = FirebaseAuth;
		};
		4C20BD522E137FE400D509A8 /* FirebaseCore */ = {
			isa = XCSwiftPackageProductDependency;
			package = 4C20BD4F2E137FE400D509A8 /* XCRemoteSwiftPackageReference "firebase-ios-sdk" */;
			productName = FirebaseCore;
		};
		4C20BD542E137FE400D509A8 /* FirebaseFirestore */ = {
			isa = XCSwiftPackageProductDependency;
			package = 4C20BD4F2E137FE400D509A8 /* XCRemoteSwiftPackageReference "firebase-ios-sdk" */;
			productName = FirebaseFirestore;
		};
		4C20BD562E137FE400D509A8 /* FirebaseFunctions */ = {
			isa = XCSwiftPackageProductDependency;
			package = 4C20BD4F2E137FE400D509A8 /* XCRemoteSwiftPackageReference "firebase-ios-sdk" */;
			productName = FirebaseFunctions;
		};
		4C20BD582E137FE400D509A8 /* FirebaseStorage */ = {
			isa = XCSwiftPackageProductDependency;
			package = 4C20BD4F2E137FE400D509A8 /* XCRemoteSwiftPackageReference "firebase-ios-sdk" */;
			productName = FirebaseStorage;
		};
		4C20BD5A2E137FE400D509A8 /* FirebaseVertexAI */ = {
			isa = XCSwiftPackageProductDependency;
			package = 4C20BD4F2E137FE400D509A8 /* XCRemoteSwiftPackageReference "firebase-ios-sdk" */;
			productName = FirebaseVertexAI;
		};
		4C20BD5D2E13803300D509A8 /* GoogleSignIn */ = {
			isa = XCSwiftPackageProductDependency;
			package = 4C20BD5C2E13803300D509A8 /* XCRemoteSwiftPackageReference "GoogleSignIn-iOS" */;
			productName = GoogleSignIn;
		};
		4C20BD5F2E13803300D509A8 /* GoogleSignInSwift */ = {
			isa = XCSwiftPackageProductDependency;
			package = 4C20BD5C2E13803300D509A8 /* XCRemoteSwiftPackageReference "GoogleSignIn-iOS" */;
			productName = GoogleSignInSwift;
		};
		4C20BD612E13805F00D509A8 /* FirebaseAnalytics */ = {
			isa = XCSwiftPackageProductDependency;
			package = 4C20BD4F2E137FE400D509A8 /* XCRemoteSwiftPackageReference "firebase-ios-sdk" */;
			productName = FirebaseAnalytics;
		};
		4C20BD632E13805F00D509A8 /* FirebaseCrashlytics */ = {
			isa = XCSwiftPackageProductDependency;
			package = 4C20BD4F2E137FE400D509A8 /* XCRemoteSwiftPackageReference "firebase-ios-sdk" */;
			productName = FirebaseCrashlytics;
		};
		4C20BD652E13805F00D509A8 /* FirebasePerformance */ = {
			isa = XCSwiftPackageProductDependency;
			package = 4C20BD4F2E137FE400D509A8 /* XCRemoteSwiftPackageReference "firebase-ios-sdk" */;
			productName = FirebasePerformance;
		};
		4C20BD672E13807700D509A8 /* FirebaseMessaging */ = {
			isa = XCSwiftPackageProductDependency;
			package = 4C20BD4F2E137FE400D509A8 /* XCRemoteSwiftPackageReference "firebase-ios-sdk" */;
			productName = FirebaseMessaging;
		};
		4C20BD692E13807700D509A8 /* FirebaseRemoteConfig */ = {
			isa = XCSwiftPackageProductDependency;
			package = 4C20BD4F2E137FE400D509A8 /* XCRemoteSwiftPackageReference "firebase-ios-sdk" */;
			productName = FirebaseRemoteConfig;
		};
/* End XCSwiftPackageProductDependency section */
	};
	rootObject = 4C20BC352E13016600D509A8 /* Project object */;
}
